// !$*UTF8*$!
{
	archiveVersion = 1;
	classes = {
	};
	objectVersion = 56;
	objects = {

/* Begin PBXBuildFile section */
		46EEA6EF2BDFD2A400FC5DD3 /* AppDelegate.swift in Sources */ = {isa = PBXBuildFile; fileRef = 46EEA6EE2BDFD2A400FC5DD3 /* AppDelegate.swift */; };
		46EEA6F12BDFD2A400FC5DD3 /* SceneDelegate.swift in Sources */ = {isa = PBXBuildFile; fileRef = 46EEA6F02BDFD2A400FC5DD3 /* SceneDelegate.swift */; };
		46EEA6F32BDFD2A400FC5DD3 /* ViewController.swift in Sources */ = {isa = PBXBuildFile; fileRef = 46EEA6F22BDFD2A400FC5DD3 /* ViewController.swift */; };
		46EEA6F62BDFD2A400FC5DD3 /* Main.storyboard in Resources */ = {isa = PBXBuildFile; fileRef = 46EEA6F42BDFD2A400FC5DD3 /* Main.storyboard */; };
		46EEA6F92BDFD2A400FC5DD3 /* Abhishek_Assessment_iOS.xcdatamodeld in Sources */ = {isa = PBXBuildFile; fileRef = 46EEA6F72BDFD2A400FC5DD3 /* Abhishek_Assessment_iOS.xcdatamodeld */; };
		46EEA6FB2BDFD2A600FC5DD3 /* Assets.xcassets in Resources */ = {isa = PBXBuildFile; fileRef = 46EEA6FA2BDFD2A600FC5DD3 /* Assets.xcassets */; };
		46EEA6FE2BDFD2A600FC5DD3 /* LaunchScreen.storyboard in Resources */ = {isa = PBXBuildFile; fileRef = 46EEA6FC2BDFD2A600FC5DD3 /* LaunchScreen.storyboard */; };
		46EEA7062BDFE26C00FC5DD3 /* AJModel.swift in Sources */ = {isa = PBXBuildFile; fileRef = 46EEA7052BDFE26C00FC5DD3 /* AJModel.swift */; };
		46EEA7082BDFE27B00FC5DD3 /* AJViewModel.swift in Sources */ = {isa = PBXBuildFile; fileRef = 46EEA7072BDFE27B00FC5DD3 /* AJViewModel.swift */; };
		46EEA70A2BDFE5DF00FC5DD3 /* DetailViewController.swift in Sources */ = {isa = PBXBuildFile; fileRef = 46EEA7092BDFE5DF00FC5DD3 /* DetailViewController.swift */; };
		46EEA70C2BE00AF800FC5DD3 /* BaseViewController.swift in Sources */ = {isa = PBXBuildFile; fileRef = 46EEA70B2BE00AF800FC5DD3 /* BaseViewController.swift */; };
		46EEA70E2BE01F5400FC5DD3 /* CustomLoader.swift in Sources */ = {isa = PBXBuildFile; fileRef = 46EEA70D2BE01F5400FC5DD3 /* CustomLoader.swift */; };
/* End PBXBuildFile section */

/* Begin PBXFileReference section */
		46EEA6EB2BDFD2A400FC5DD3 /* Abhishek_Assessment_iOS.app */ = {isa = PBXFileReference; explicitFileType = wrapper.application; includeInIndex = 0; path = Abhishek_Assessment_iOS.app; sourceTree = BUILT_PRODUCTS_DIR; };
		46EEA6EE2BDFD2A400FC5DD3 /* AppDelegate.swift */ = {isa = PBXFileReference; lastKnownFileType = sourcecode.swift; path = AppDelegate.swift; sourceTree = "<group>"; };
		46EEA6F02BDFD2A400FC5DD3 /* SceneDelegate.swift */ = {isa = PBXFileReference; lastKnownFileType = sourcecode.swift; path = SceneDelegate.swift; sourceTree = "<group>"; };
		46EEA6F22BDFD2A400FC5DD3 /* ViewController.swift */ = {isa = PBXFileReference; lastKnownFileType = sourcecode.swift; path = ViewController.swift; sourceTree = "<group>"; };
		46EEA6F52BDFD2A400FC5DD3 /* Base */ = {isa = PBXFileReference; lastKnownFileType = file.storyboard; name = Base; path = Base.lproj/Main.storyboard; sourceTree = "<group>"; };
		46EEA6F82BDFD2A400FC5DD3 /* Abhishek_Assessment_iOS.xcdatamodel */ = {isa = PBXFileReference; lastKnownFileType = wrapper.xcdatamodel; path = Abhishek_Assessment_iOS.xcdatamodel; sourceTree = "<group>"; };
		46EEA6FA2BDFD2A600FC5DD3 /* Assets.xcassets */ = {isa = PBXFileReference; lastKnownFileType = folder.assetcatalog; path = Assets.xcassets; sourceTree = "<group>"; };
		46EEA6FD2BDFD2A600FC5DD3 /* Base */ = {isa = PBXFileReference; lastKnownFileType = file.storyboard; name = Base; path = Base.lproj/LaunchScreen.storyboard; sourceTree = "<group>"; };
		46EEA6FF2BDFD2A600FC5DD3 /* Info.plist */ = {isa = PBXFileReference; lastKnownFileType = text.plist.xml; path = Info.plist; sourceTree = "<group>"; };
		46EEA7052BDFE26C00FC5DD3 /* AJModel.swift */ = {isa = PBXFileReference; lastKnownFileType = sourcecode.swift; path = AJModel.swift; sourceTree = "<group>"; };
		46EEA7072BDFE27B00FC5DD3 /* AJViewModel.swift */ = {isa = PBXFileReference; lastKnownFileType = sourcecode.swift; path = AJViewModel.swift; sourceTree = "<group>"; };
		46EEA7092BDFE5DF00FC5DD3 /* DetailViewController.swift */ = {isa = PBXFileReference; lastKnownFileType = sourcecode.swift; path = DetailViewController.swift; sourceTree = "<group>"; };
		46EEA70B2BE00AF800FC5DD3 /* BaseViewController.swift */ = {isa = PBXFileReference; lastKnownFileType = sourcecode.swift; path = BaseViewController.swift; sourceTree = "<group>"; };
		46EEA70D2BE01F5400FC5DD3 /* CustomLoader.swift */ = {isa = PBXFileReference; lastKnownFileType = sourcecode.swift; path = CustomLoader.swift; sourceTree = "<group>"; };
/* End PBXFileReference section */

/* Begin PBXFrameworksBuildPhase section */
		46EEA6E82BDFD2A400FC5DD3 /* Frameworks */ = {
			isa = PBXFrameworksBuildPhase;
			buildActionMask = 2147483647;
			files = (
			);
			runOnlyForDeploymentPostprocessing = 0;
		};
/* End PBXFrameworksBuildPhase section */

/* Begin PBXGroup section */
		46EEA6E22BDFD2A400FC5DD3 = {
			isa = PBXGroup;
			children = (
				46EEA6ED2BDFD2A400FC5DD3 /* Abhishek_Assessment_iOS */,
				46EEA6EC2BDFD2A400FC5DD3 /* Products */,
			);
			sourceTree = "<group>";
		};
		46EEA6EC2BDFD2A400FC5DD3 /* Products */ = {
			isa = PBXGroup;
			children = (
				46EEA6EB2BDFD2A400FC5DD3 /* Abhishek_Assessment_iOS.app */,
			);
			name = Products;
			sourceTree = "<group>";
		};
		46EEA6ED2BDFD2A400FC5DD3 /* Abhishek_Assessment_iOS */ = {
			isa = PBXGroup;
			children = (
				46EEA6EE2BDFD2A400FC5DD3 /* AppDelegate.swift */,
				46EEA6F02BDFD2A400FC5DD3 /* SceneDelegate.swift */,
				46EEA7052BDFE26C00FC5DD3 /* AJModel.swift */,
				46EEA7072BDFE27B00FC5DD3 /* AJViewModel.swift */,
				46EEA6F22BDFD2A400FC5DD3 /* ViewController.swift */,
				46EEA70D2BE01F5400FC5DD3 /* CustomLoader.swift */,
				46EEA7092BDFE5DF00FC5DD3 /* DetailViewController.swift */,
				46EEA70B2BE00AF800FC5DD3 /* BaseViewController.swift */,
				46EEA6F42BDFD2A400FC5DD3 /* Main.storyboard */,
				46EEA6FA2BDFD2A600FC5DD3 /* Assets.xcassets */,
				46EEA6FC2BDFD2A600FC5DD3 /* LaunchScreen.storyboard */,
				46EEA6FF2BDFD2A600FC5DD3 /* Info.plist */,
				46EEA6F72BDFD2A400FC5DD3 /* Abhishek_Assessment_iOS.xcdatamodeld */,
			);
			path = Abhishek_Assessment_iOS;
			sourceTree = "<group>";
		};
/* End PBXGroup section */

/* Begin PBXNativeTarget section */
		46EEA6EA2BDFD2A400FC5DD3 /* Abhishek_Assessment_iOS */ = {
			isa = PBXNativeTarget;
			buildConfigurationList = 46EEA7022BDFD2A600FC5DD3 /* Build configuration list for PBXNativeTarget "Abhishek_Assessment_iOS" */;
			buildPhases = (
				46EEA6E72BDFD2A400FC5DD3 /* Sources */,
				46EEA6E82BDFD2A400FC5DD3 /* Frameworks */,
				46EEA6E92BDFD2A400FC5DD3 /* Resources */,
			);
			buildRules = (
			);
			dependencies = (
			);
			name = Abhishek_Assessment_iOS;
			productName = Abhishek_Assessment_iOS;
			productReference = 46EEA6EB2BDFD2A400FC5DD3 /* Abhishek_Assessment_iOS.app */;
			productType = "com.apple.product-type.application";
		};
/* End PBXNativeTarget section */

/* Begin PBXProject section */
		46EEA6E32BDFD2A400FC5DD3 /* Project object */ = {
			isa = PBXProject;
			attributes = {
				BuildIndependentTargetsInParallel = 1;
				LastSwiftUpdateCheck = 1430;
				LastUpgradeCheck = 1430;
				TargetAttributes = {
					46EEA6EA2BDFD2A400FC5DD3 = {
						CreatedOnToolsVersion = 14.3.1;
					};
				};
			};
			buildConfigurationList = 46EEA6E62BDFD2A400FC5DD3 /* Build configuration list for PBXProject "Abhishek_Assessment_iOS" */;
			compatibilityVersion = "Xcode 14.0";
			developmentRegion = en;
			hasScannedForEncodings = 0;
			knownRegions = (
				en,
				Base,
			);
			mainGroup = 46EEA6E22BDFD2A400FC5DD3;
			productRefGroup = 46EEA6EC2BDFD2A400FC5DD3 /* Products */;
			projectDirPath = "";
			projectRoot = "";
			targets = (
				46EEA6EA2BDFD2A400FC5DD3 /* Abhishek_Assessment_iOS */,
			);
		};
/* End PBXProject section */

/* Begin PBXResourcesBuildPhase section */
		46EEA6E92BDFD2A400FC5DD3 /* Resources */ = {
			isa = PBXResourcesBuildPhase;
			buildActionMask = 2147483647;
			files = (
				46EEA6FE2BDFD2A600FC5DD3 /* LaunchScreen.storyboard in Resources */,
				46EEA6FB2BDFD2A600FC5DD3 /* Assets.xcassets in Resources */,
				46EEA6F62BDFD2A400FC5DD3 /* Main.storyboard in Resources */,
			);
			runOnlyForDeploymentPostprocessing = 0;
		};
/* End PBXResourcesBuildPhase section */

/* Begin PBXSourcesBuildPhase section */
		46EEA6E72BDFD2A400FC5DD3 /* Sources */ = {
			isa = PBXSourcesBuildPhase;
			buildActionMask = 2147483647;
			files = (
				46EEA6F32BDFD2A400FC5DD3 /* ViewController.swift in Sources */,
				46EEA7082BDFE27B00FC5DD3 /* AJViewModel.swift in Sources */,
				46EEA70E2BE01F5400FC5DD3 /* CustomLoader.swift in Sources */,
				46EEA6EF2BDFD2A400FC5DD3 /* AppDelegate.swift in Sources */,
				46EEA7062BDFE26C00FC5DD3 /* AJModel.swift in Sources */,
				46EEA6F92BDFD2A400FC5DD3 /* Abhishek_Assessment_iOS.xcdatamodeld in Sources */,
				46EEA70C2BE00AF800FC5DD3 /* BaseViewController.swift in Sources */,
				46EEA6F12BDFD2A400FC5DD3 /* SceneDelegate.swift in Sources */,
				46EEA70A2BDFE5DF00FC5DD3 /* DetailViewController.swift in Sources */,
			);
			runOnlyForDeploymentPostprocessing = 0;
		};
/* End PBXSourcesBuildPhase section */

/* Begin PBXVariantGroup section */
		46EEA6F42BDFD2A400FC5DD3 /* Main.storyboard */ = {
			isa = PBXVariantGroup;
			children = (
				46EEA6F52BDFD2A400FC5DD3 /* Base */,
			);
			name = Main.storyboard;
			sourceTree = "<group>";
		};
		46EEA6FC2BDFD2A600FC5DD3 /* LaunchScreen.storyboard */ = {
			isa = PBXVariantGroup;
			children = (
				46EEA6FD2BDFD2A600FC5DD3 /* Base */,
			);
			name = LaunchScreen.storyboard;
			sourceTree = "<group>";
		};
/* End PBXVariantGroup section */

/* Begin XCBuildConfiguration section */
		46EEA7002BDFD2A600FC5DD3 /* Debug */ = {
			isa = XCBuildConfiguration;
			buildSettings = {
				ALWAYS_SEARCH_USER_PATHS = NO;
				CLANG_ANALYZER_NONNULL = YES;
				CLANG_ANALYZER_NUMBER_OBJECT_CONVERSION = YES_AGGRESSIVE;
				CLANG_CXX_LANGUAGE_STANDARD = "gnu++20";
				CLANG_ENABLE_MODULES = YES;
				CLANG_ENABLE_OBJC_ARC = YES;
				CLANG_ENABLE_OBJC_WEAK = YES;
				CLANG_WARN_BLOCK_CAPTURE_AUTORELEASING = YES;
				CLANG_WARN_BOOL_CONVERSION = YES;
				CLANG_WARN_COMMA = YES;
				CLANG_WARN_CONSTANT_CONVERSION = YES;
				CLANG_WARN_DEPRECATED_OBJC_IMPLEMENTATIONS = YES;
				CLANG_WARN_DIRECT_OBJC_ISA_USAGE = YES_ERROR;
				CLANG_WARN_DOCUMENTATION_COMMENTS = YES;
				CLANG_WARN_EMPTY_BODY = YES;
				CLANG_WARN_ENUM_CONVERSION = YES;
				CLANG_WARN_INFINITE_RECURSION = YES;
				CLANG_WARN_INT_CONVERSION = YES;
				CLANG_WARN_NON_LITERAL_NULL_CONVERSION = YES;
				CLANG_WARN_OBJC_IMPLICIT_RETAIN_SELF = YES;
				CLANG_WARN_OBJC_LITERAL_CONVERSION = YES;
				CLANG_WARN_OBJC_ROOT_CLASS = YES_ERROR;
				CLANG_WARN_QUOTED_INCLUDE_IN_FRAMEWORK_HEADER = YES;
				CLANG_WARN_RANGE_LOOP_ANALYSIS = YES;
				CLANG_WARN_STRICT_PROTOTYPES = YES;
				CLANG_WARN_SUSPICIOUS_MOVE = YES;
				CLANG_WARN_UNGUARDED_AVAILABILITY = YES_AGGRESSIVE;
				CLANG_WARN_UNREACHABLE_CODE = YES;
				CLANG_WARN__DUPLICATE_METHOD_MATCH = YES;
				COPY_PHASE_STRIP = NO;
				DEBUG_INFORMATION_FORMAT = dwarf;
				ENABLE_STRICT_OBJC_MSGSEND = YES;
				ENABLE_TESTABILITY = YES;
				GCC_C_LANGUAGE_STANDARD = gnu11;
				GCC_DYNAMIC_NO_PIC = NO;
				GCC_NO_COMMON_BLOCKS = YES;
				GCC_OPTIMIZATION_LEVEL = 0;
				GCC_PREPROCESSOR_DEFINITIONS = (
					"DEBUG=1",
					"$(inherited)",
				);
				GCC_WARN_64_TO_32_BIT_CONVERSION = YES;
				GCC_WARN_ABOUT_RETURN_TYPE = YES_ERROR;
				GCC_WARN_UNDECLARED_SELECTOR = YES;
				GCC_WARN_UNINITIALIZED_AUTOS = YES_AGGRESSIVE;
				GCC_WARN_UNUSED_FUNCTION = YES;
				GCC_WARN_UNUSED_VARIABLE = YES;
				IPHONEOS_DEPLOYMENT_TARGET = 16.4;
				MTL_ENABLE_DEBUG_INFO = INCLUDE_SOURCE;
				MTL_FAST_MATH = YES;
				ONLY_ACTIVE_ARCH = YES;
				SDKROOT = iphoneos;
				SWIFT_ACTIVE_COMPILATION_CONDITIONS = DEBUG;
				SWIFT_OPTIMIZATION_LEVEL = "-Onone";
			};
			name = Debug;
		};
		46EEA7012BDFD2A600FC5DD3 /* Release */ = {
			isa = XCBuildConfiguration;
			buildSettings = {
				ALWAYS_SEARCH_USER_PATHS = NO;
				CLANG_ANALYZER_NONNULL = YES;
				CLANG_ANALYZER_NUMBER_OBJECT_CONVERSION = YES_AGGRESSIVE;
				CLANG_CXX_LANGUAGE_STANDARD = "gnu++20";
				CLANG_ENABLE_MODULES = YES;
				CLANG_ENABLE_OBJC_ARC = YES;
				CLANG_ENABLE_OBJC_WEAK = YES;
				CLANG_WARN_BLOCK_CAPTURE_AUTORELEASING = YES;
				CLANG_WARN_BOOL_CONVERSION = YES;
				CLANG_WARN_COMMA = YES;
				CLANG_WARN_CONSTANT_CONVERSION = YES;
				CLANG_WARN_DEPRECATED_OBJC_IMPLEMENTATIONS = YES;
				CLANG_WARN_DIRECT_OBJC_ISA_USAGE = YES_ERROR;
				CLANG_WARN_DOCUMENTATION_COMMENTS = YES;
				CLANG_WARN_EMPTY_BODY = YES;
				CLANG_WARN_ENUM_CONVERSION = YES;
				CLANG_WARN_INFINITE_RECURSION = YES;
				CLANG_WARN_INT_CONVERSION = YES;
				CLANG_WARN_NON_LITERAL_NULL_CONVERSION = YES;
				CLANG_WARN_OBJC_IMPLICIT_RETAIN_SELF = YES;
				CLANG_WARN_OBJC_LITERAL_CONVERSION = YES;
				CLANG_WARN_OBJC_ROOT_CLASS = YES_ERROR;
				CLANG_WARN_QUOTED_INCLUDE_IN_FRAMEWORK_HEADER = YES;
				CLANG_WARN_RANGE_LOOP_ANALYSIS = YES;
				CLANG_WARN_STRICT_PROTOTYPES = YES;
				CLANG_WARN_SUSPICIOUS_MOVE = YES;
				CLANG_WARN_UNGUARDED_AVAILABILITY = YES_AGGRESSIVE;
				CLANG_WARN_UNREACHABLE_CODE = YES;
				CLANG_WARN__DUPLICATE_METHOD_MATCH = YES;
				COPY_PHASE_STRIP = NO;
				DEBUG_INFORMATION_FORMAT = "dwarf-with-dsym";
				ENABLE_NS_ASSERTIONS = NO;
				ENABLE_STRICT_OBJC_MSGSEND = YES;
				GCC_C_LANGUAGE_STANDARD = gnu11;
				GCC_NO_COMMON_BLOCKS = YES;
				GCC_WARN_64_TO_32_BIT_CONVERSION = YES;
				GCC_WARN_ABOUT_RETURN_TYPE = YES_ERROR;
				GCC_WARN_UNDECLARED_SELECTOR = YES;
				GCC_WARN_UNINITIALIZED_AUTOS = YES_AGGRESSIVE;
				GCC_WARN_UNUSED_FUNCTION = YES;
				GCC_WARN_UNUSED_VARIABLE = YES;
				IPHONEOS_DEPLOYMENT_TARGET = 16.4;
				MTL_ENABLE_DEBUG_INFO = NO;
				MTL_FAST_MATH = YES;
				SDKROOT = iphoneos;
				SWIFT_COMPILATION_MODE = wholemodule;
				SWIFT_OPTIMIZATION_LEVEL = "-O";
				VALIDATE_PRODUCT = YES;
			};
			name = Release;
		};
		46EEA7032BDFD2A600FC5DD3 /* Debug */ = {
			isa = XCBuildConfiguration;
			buildSettings = {
				ASSETCATALOG_COMPILER_APPICON_NAME = AppIcon;
				ASSETCATALOG_COMPILER_GLOBAL_ACCENT_COLOR_NAME = AccentColor;
				CODE_SIGN_STYLE = Automatic;
				CURRENT_PROJECT_VERSION = 1;
				GENERATE_INFOPLIST_FILE = YES;
				INFOPLIST_FILE = Abhishek_Assessment_iOS/Info.plist;
				INFOPLIST_KEY_UIApplicationSupportsIndirectInputEvents = YES;
				INFOPLIST_KEY_UILaunchStoryboardName = LaunchScreen;
				INFOPLIST_KEY_UIMainStoryboardFile = Main;
				INFOPLIST_KEY_UISupportedInterfaceOrientations_iPad = "UIInterfaceOrientationPortrait UIInterfaceOrientationPortraitUpsideDown UIInterfaceOrientationLandscapeLeft UIInterfaceOrientationLandscapeRight";
				INFOPLIST_KEY_UISupportedInterfaceOrientations_iPhone = "UIInterfaceOrientationPortrait UIInterfaceOrientationLandscapeLeft UIInterfaceOrientationLandscapeRight";
				LD_RUNPATH_SEARCH_PATHS = (
					"$(inherited)",
					"@executable_path/Frameworks",
				);
				MARKETING_VERSION = 1.0;
				PRODUCT_BUNDLE_IDENTIFIER = "com.aj.heizenberg.Abhishek-Assessment-iOS";
				PRODUCT_NAME = "$(TARGET_NAME)";
				SWIFT_EMIT_LOC_STRINGS = YES;
				SWIFT_VERSION = 5.0;
				TARGETED_DEVICE_FAMILY = "1,2";
			};
			name = Debug;
		};
		46EEA7042BDFD2A600FC5DD3 /* Release */ = {
			isa = XCBuildConfiguration;
			buildSettings = {
				ASSETCATALOG_COMPILER_APPICON_NAME = AppIcon;
				ASSETCATALOG_COMPILER_GLOBAL_ACCENT_COLOR_NAME = AccentColor;
				CODE_SIGN_STYLE = Automatic;
				CURRENT_PROJECT_VERSION = 1;
				GENERATE_INFOPLIST_FILE = YES;
				INFOPLIST_FILE = Abhishek_Assessment_iOS/Info.plist;
				INFOPLIST_KEY_UIApplicationSupportsIndirectInputEvents = YES;
				INFOPLIST_KEY_UILaunchStoryboardName = LaunchScreen;
				INFOPLIST_KEY_UIMainStoryboardFile = Main;
				INFOPLIST_KEY_UISupportedInterfaceOrientations_iPad = "UIInterfaceOrientationPortrait UIInterfaceOrientationPortraitUpsideDown UIInterfaceOrientationLandscapeLeft UIInterfaceOrientationLandscapeRight";
				INFOPLIST_KEY_UISupportedInterfaceOrientations_iPhone = "UIInterfaceOrientationPortrait UIInterfaceOrientationLandscapeLeft UIInterfaceOrientationLandscapeRight";
				LD_RUNPATH_SEARCH_PATHS = (
					"$(inherited)",
					"@executable_path/Frameworks",
				);
				MARKETING_VERSION = 1.0;
				PRODUCT_BUNDLE_IDENTIFIER = "com.aj.heizenberg.Abhishek-Assessment-iOS";
				PRODUCT_NAME = "$(TARGET_NAME)";
				SWIFT_EMIT_LOC_STRINGS = YES;
				SWIFT_VERSION = 5.0;
				TARGETED_DEVICE_FAMILY = "1,2";
			};
			name = Release;
		};
/* End XCBuildConfiguration section */

/* Begin XCConfigurationList section */
		46EEA6E62BDFD2A400FC5DD3 /* Build configuration list for PBXProject "Abhishek_Assessment_iOS" */ = {
			isa = XCConfigurationList;
			buildConfigurations = (
				46EEA7002BDFD2A600FC5DD3 /* Debug */,
				46EEA7012BDFD2A600FC5DD3 /* Release */,
			);
			defaultConfigurationIsVisible = 0;
			defaultConfigurationName = Release;
		};
		46EEA7022BDFD2A600FC5DD3 /* Build configuration list for PBXNativeTarget "Abhishek_Assessment_iOS" */ = {
			isa = XCConfigurationList;
			buildConfigurations = (
				46EEA7032BDFD2A600FC5DD3 /* Debug */,
				46EEA7042BDFD2A600FC5DD3 /* Release */,
			);
			defaultConfigurationIsVisible = 0;
			defaultConfigurationName = Release;
		};
/* End XCConfigurationList section */

/* Begin XCVersionGroup section */
		46EEA6F72BDFD2A400FC5DD3 /* Abhishek_Assessment_iOS.xcdatamodeld */ = {
			isa = XCVersionGroup;
			children = (
				46EEA6F82BDFD2A400FC5DD3 /* Abhishek_Assessment_iOS.xcdatamodel */,
			);
			currentVersion = 46EEA6F82BDFD2A400FC5DD3 /* Abhishek_Assessment_iOS.xcdatamodel */;
			path = Abhishek_Assessment_iOS.xcdatamodeld;
			sourceTree = "<group>";
			versionGroupType = wrapper.xcdatamodel;
		};
/* End XCVersionGroup section */
	};
	rootObject = 46EEA6E32BDFD2A400FC5DD3 /* Project object */;
}
